
Microsoft Visual Studio Solution File, Format Version 12.00
# Visual Studio Version 16
VisualStudioVersion = 16.0.31321.278
MinimumVisualStudioVersion = 10.0.40219.1
Project("{9A19103F-16F7-4668-BE54-9A1E7A4F7556}") = "MoneyApp.API", "MoneyApp.API.csproj", "{05C99CEF-9C8B-42F1-8357-4DDEE6BE4949}"
EndProject
Global
	GlobalSection(SolutionConfigurationPlatforms) = preSolution
		Debug|Any CPU = Debug|Any CPU
		Release|Any CPU = Release|Any CPU
	EndGlobalSection
	GlobalSection(ProjectConfigurationPlatforms) = postSolution
		{05C99CEF-9C8B-42F1-8357-4DDEE6BE4949}.Debug|Any CPU.ActiveCfg = Debug|Any CPU
		{05C99CEF-9C8B-42F1-8357-4DDEE6BE4949}.Debug|Any CPU.Build.0 = Debug|Any CPU
		{05C99CEF-9C8B-42F1-8357-4DDEE6BE4949}.Release|Any CPU.ActiveCfg = Release|Any CPU
		{05C99CEF-9C8B-42F1-8357-4DDEE6BE4949}.Release|Any CPU.Build.0 = Release|Any CPU
	EndGlobalSection
	GlobalSection(SolutionProperties) = preSolution
		HideSolutionNode = FALSE
	EndGlobalSection
	GlobalSection(ExtensibilityGlobals) = postSolution
		SolutionGuid = {591F78BB-26A9-4B2D-AC18-62F7CA0CF198}
	EndGlobalSection
EndGlobal
